
Microsoft Visual Studio Solution File, Format Version 12.00
# Visual Studio Version 16
VisualStudioVersion = 16.0.31729.503
MinimumVisualStudioVersion = 10.0.40219.1
Project("{9A19103F-16F7-4668-BE54-9A1E7A4F7556}") = "FlightBookingSystem", "FlightBookingSystem\FlightBookingSystem.csproj", "{65E91BAA-BB80-4EFA-863C-78D77EEECCA6}"
EndProject
Project("{9A19103F-16F7-4668-BE54-9A1E7A4F7556}") = "AirlineAPIService", "AirlineAPIService\AirlineAPIService.csproj", "{5AC96F9A-8128-4681-8EAE-7332059B928A}"
EndProject
Project("{9A19103F-16F7-4668-BE54-9A1E7A4F7556}") = "BookingAPIService", "BookingAPIService\BookingAPIService.csproj", "{86DAEE82-8FC7-4D04-A2FC-53ECD0E70EDB}"
EndProject
Project("{FAE04EC0-301F-11D3-BF4B-00C04F79EFBC}") = "FBSHelper", "FBSHelper\FBSHelper.csproj", "{CF8BAF3A-0F35-47A6-9E70-45FAE214844C}"
EndProject
Global
	GlobalSection(SolutionConfigurationPlatforms) = preSolution
		Debug|Any CPU = Debug|Any CPU
		Release|Any CPU = Release|Any CPU
	EndGlobalSection
	GlobalSection(ProjectConfigurationPlatforms) = postSolution
		{65E91BAA-BB80-4EFA-863C-78D77EEECCA6}.Debug|Any CPU.ActiveCfg = Debug|Any CPU
		{65E91BAA-BB80-4EFA-863C-78D77EEECCA6}.Debug|Any CPU.Build.0 = Debug|Any CPU
		{65E91BAA-BB80-4EFA-863C-78D77EEECCA6}.Release|Any CPU.ActiveCfg = Release|Any CPU
		{65E91BAA-BB80-4EFA-863C-78D77EEECCA6}.Release|Any CPU.Build.0 = Release|Any CPU
		{5AC96F9A-8128-4681-8EAE-7332059B928A}.Debug|Any CPU.ActiveCfg = Debug|Any CPU
		{5AC96F9A-8128-4681-8EAE-7332059B928A}.Debug|Any CPU.Build.0 = Debug|Any CPU
		{5AC96F9A-8128-4681-8EAE-7332059B928A}.Release|Any CPU.ActiveCfg = Release|Any CPU
		{5AC96F9A-8128-4681-8EAE-7332059B928A}.Release|Any CPU.Build.0 = Release|Any CPU
		{86DAEE82-8FC7-4D04-A2FC-53ECD0E70EDB}.Debug|Any CPU.ActiveCfg = Debug|Any CPU
		{86DAEE82-8FC7-4D04-A2FC-53ECD0E70EDB}.Debug|Any CPU.Build.0 = Debug|Any CPU
		{86DAEE82-8FC7-4D04-A2FC-53ECD0E70EDB}.Release|Any CPU.ActiveCfg = Release|Any CPU
		{86DAEE82-8FC7-4D04-A2FC-53ECD0E70EDB}.Release|Any CPU.Build.0 = Release|Any CPU
		{CF8BAF3A-0F35-47A6-9E70-45FAE214844C}.Debug|Any CPU.ActiveCfg = Debug|Any CPU
		{CF8BAF3A-0F35-47A6-9E70-45FAE214844C}.Debug|Any CPU.Build.0 = Debug|Any CPU
		{CF8BAF3A-0F35-47A6-9E70-45FAE214844C}.Release|Any CPU.ActiveCfg = Release|Any CPU
		{CF8BAF3A-0F35-47A6-9E70-45FAE214844C}.Release|Any CPU.Build.0 = Release|Any CPU
	EndGlobalSection
	GlobalSection(SolutionProperties) = preSolution
		HideSolutionNode = FALSE
	EndGlobalSection
	GlobalSection(ExtensibilityGlobals) = postSolution
		SolutionGuid = {DBAD9AD7-5DAF-49F2-9593-360696668C0D}
	EndGlobalSection
EndGlobal
